// !$*UTF8*$!
{
	archiveVersion = 1;
	classes = {
	};
	objectVersion = 56;
	objects = {

/* Begin PBXBuildFile section */
		571F26AD2C7CA67300AF1DF6 /* ProductListViewModel.swift in Sources */ = {isa = PBXBuildFile; fileRef = 571F26AC2C7CA67300AF1DF6 /* ProductListViewModel.swift */; };
		571F26AF2C7CAA2700AF1DF6 /* ProductModel.swift in Sources */ = {isa = PBXBuildFile; fileRef = 571F26AE2C7CAA2700AF1DF6 /* ProductModel.swift */; };
		571F26B32C7D005700AF1DF6 /* LoadAndDecode.swift in Sources */ = {isa = PBXBuildFile; fileRef = 571F26B22C7D005700AF1DF6 /* LoadAndDecode.swift */; };
		57D649662C79FDA8009755BC /* SwiftUI_DigitalStore_App.swift in Sources */ = {isa = PBXBuildFile; fileRef = 57D649652C79FDA8009755BC /* SwiftUI_DigitalStore_App.swift */; };
		57D6496A2C79FDAB009755BC /* Assets.xcassets in Resources */ = {isa = PBXBuildFile; fileRef = 57D649692C79FDAB009755BC /* Assets.xcassets */; };
		57D6496D2C79FDAB009755BC /* Preview Assets.xcassets in Resources */ = {isa = PBXBuildFile; fileRef = 57D6496C2C79FDAB009755BC /* Preview Assets.xcassets */; };
		57D649772C79FDAB009755BC /* SwiftUI_DigitalStore_AppTests.swift in Sources */ = {isa = PBXBuildFile; fileRef = 57D649762C79FDAB009755BC /* SwiftUI_DigitalStore_AppTests.swift */; };
		57D649812C79FDAB009755BC /* SwiftUI_DigitalStore_AppUITests.swift in Sources */ = {isa = PBXBuildFile; fileRef = 57D649802C79FDAB009755BC /* SwiftUI_DigitalStore_AppUITests.swift */; };
		57D649832C79FDAB009755BC /* SwiftUI_DigitalStore_AppUITestsLaunchTests.swift in Sources */ = {isa = PBXBuildFile; fileRef = 57D649822C79FDAB009755BC /* SwiftUI_DigitalStore_AppUITestsLaunchTests.swift */; };
		57D6499B2C7A173B009755BC /* TabBarView.swift in Sources */ = {isa = PBXBuildFile; fileRef = 57D6499A2C7A173B009755BC /* TabBarView.swift */; };
		57D6499D2C7A1779009755BC /* HomeView.swift in Sources */ = {isa = PBXBuildFile; fileRef = 57D6499C2C7A1779009755BC /* HomeView.swift */; };
		57D649A12C7A18CA009755BC /* FavoritesView.swift in Sources */ = {isa = PBXBuildFile; fileRef = 57D649A02C7A18CA009755BC /* FavoritesView.swift */; };
		57DA6C542C7A3216000756FC /* PromotionalCarousel.swift in Sources */ = {isa = PBXBuildFile; fileRef = 57DA6C532C7A3216000756FC /* PromotionalCarousel.swift */; };
		57DA6C572C7A35A4000756FC /* PromotionalViewCard.swift in Sources */ = {isa = PBXBuildFile; fileRef = 57DA6C562C7A35A4000756FC /* PromotionalViewCard.swift */; };
/* End PBXBuildFile section */

/* Begin PBXContainerItemProxy section */
		57D649732C79FDAB009755BC /* PBXContainerItemProxy */ = {
			isa = PBXContainerItemProxy;
			containerPortal = 57D6495A2C79FDA8009755BC /* Project object */;
			proxyType = 1;
			remoteGlobalIDString = 57D649612C79FDA8009755BC;
			remoteInfo = "SwiftUI-DigitalStore-App";
		};
		57D6497D2C79FDAB009755BC /* PBXContainerItemProxy */ = {
			isa = PBXContainerItemProxy;
			containerPortal = 57D6495A2C79FDA8009755BC /* Project object */;
			proxyType = 1;
			remoteGlobalIDString = 57D649612C79FDA8009755BC;
			remoteInfo = "SwiftUI-DigitalStore-App";
		};
/* End PBXContainerItemProxy section */

/* Begin PBXFileReference section */
		571F26AC2C7CA67300AF1DF6 /* ProductListViewModel.swift */ = {isa = PBXFileReference; lastKnownFileType = sourcecode.swift; path = ProductListViewModel.swift; sourceTree = "<group>"; };
		571F26AE2C7CAA2700AF1DF6 /* ProductModel.swift */ = {isa = PBXFileReference; lastKnownFileType = sourcecode.swift; path = ProductModel.swift; sourceTree = "<group>"; };
		571F26B22C7D005700AF1DF6 /* LoadAndDecode.swift */ = {isa = PBXFileReference; lastKnownFileType = sourcecode.swift; path = LoadAndDecode.swift; sourceTree = "<group>"; };
		57D649622C79FDA8009755BC /* SwiftUI-DigitalStore-App.app */ = {isa = PBXFileReference; explicitFileType = wrapper.application; includeInIndex = 0; path = "SwiftUI-DigitalStore-App.app"; sourceTree = BUILT_PRODUCTS_DIR; };
		57D649652C79FDA8009755BC /* SwiftUI_DigitalStore_App.swift */ = {isa = PBXFileReference; lastKnownFileType = sourcecode.swift; path = SwiftUI_DigitalStore_App.swift; sourceTree = "<group>"; };
		57D649692C79FDAB009755BC /* Assets.xcassets */ = {isa = PBXFileReference; lastKnownFileType = folder.assetcatalog; path = Assets.xcassets; sourceTree = "<group>"; };
		57D6496C2C79FDAB009755BC /* Preview Assets.xcassets */ = {isa = PBXFileReference; lastKnownFileType = folder.assetcatalog; path = "Preview Assets.xcassets"; sourceTree = "<group>"; };
		57D649722C79FDAB009755BC /* SwiftUI-DigitalStore-AppTests.xctest */ = {isa = PBXFileReference; explicitFileType = wrapper.cfbundle; includeInIndex = 0; path = "SwiftUI-DigitalStore-AppTests.xctest"; sourceTree = BUILT_PRODUCTS_DIR; };
		57D649762C79FDAB009755BC /* SwiftUI_DigitalStore_AppTests.swift */ = {isa = PBXFileReference; lastKnownFileType = sourcecode.swift; path = SwiftUI_DigitalStore_AppTests.swift; sourceTree = "<group>"; };
		57D6497C2C79FDAB009755BC /* SwiftUI-DigitalStore-AppUITests.xctest */ = {isa = PBXFileReference; explicitFileType = wrapper.cfbundle; includeInIndex = 0; path = "SwiftUI-DigitalStore-AppUITests.xctest"; sourceTree = BUILT_PRODUCTS_DIR; };
		57D649802C79FDAB009755BC /* SwiftUI_DigitalStore_AppUITests.swift */ = {isa = PBXFileReference; lastKnownFileType = sourcecode.swift; path = SwiftUI_DigitalStore_AppUITests.swift; sourceTree = "<group>"; };
		57D649822C79FDAB009755BC /* SwiftUI_DigitalStore_AppUITestsLaunchTests.swift */ = {isa = PBXFileReference; lastKnownFileType = sourcecode.swift; path = SwiftUI_DigitalStore_AppUITestsLaunchTests.swift; sourceTree = "<group>"; };
		57D6499A2C7A173B009755BC /* TabBarView.swift */ = {isa = PBXFileReference; lastKnownFileType = sourcecode.swift; name = TabBarView.swift; path = "SwiftUI-DigitalStore-App/MainViews/TabBarView.swift"; sourceTree = SOURCE_ROOT; };
		57D6499C2C7A1779009755BC /* HomeView.swift */ = {isa = PBXFileReference; lastKnownFileType = sourcecode.swift; name = HomeView.swift; path = "SwiftUI-DigitalStore-App/MainViews/HomeView.swift"; sourceTree = SOURCE_ROOT; };
		57D649A02C7A18CA009755BC /* FavoritesView.swift */ = {isa = PBXFileReference; lastKnownFileType = sourcecode.swift; name = FavoritesView.swift; path = "SwiftUI-DigitalStore-App/FavoritesViews/FavoritesView.swift"; sourceTree = SOURCE_ROOT; };
		57DA6C532C7A3216000756FC /* PromotionalCarousel.swift */ = {isa = PBXFileReference; lastKnownFileType = sourcecode.swift; path = PromotionalCarousel.swift; sourceTree = "<group>"; };
		57DA6C562C7A35A4000756FC /* PromotionalViewCard.swift */ = {isa = PBXFileReference; lastKnownFileType = sourcecode.swift; path = PromotionalViewCard.swift; sourceTree = "<group>"; };
/* End PBXFileReference section */

/* Begin PBXFrameworksBuildPhase section */
		57D6495F2C79FDA8009755BC /* Frameworks */ = {
			isa = PBXFrameworksBuildPhase;
			buildActionMask = 2147483647;
			files = (
			);
			runOnlyForDeploymentPostprocessing = 0;
		};
		57D6496F2C79FDAB009755BC /* Frameworks */ = {
			isa = PBXFrameworksBuildPhase;
			buildActionMask = 2147483647;
			files = (
			);
			runOnlyForDeploymentPostprocessing = 0;
		};
		57D649792C79FDAB009755BC /* Frameworks */ = {
			isa = PBXFrameworksBuildPhase;
			buildActionMask = 2147483647;
			files = (
			);
			runOnlyForDeploymentPostprocessing = 0;
		};
/* End PBXFrameworksBuildPhase section */

/* Begin PBXGroup section */
		571F26AB2C7CA62B00AF1DF6 /* ViewModul */ = {
			isa = PBXGroup;
			children = (
				571F26AC2C7CA67300AF1DF6 /* ProductListViewModel.swift */,
			);
			path = ViewModul;
			sourceTree = "<group>";
		};
		571F26B02C7CAA9F00AF1DF6 /* Model */ = {
			isa = PBXGroup;
			children = (
				571F26AE2C7CAA2700AF1DF6 /* ProductModel.swift */,
			);
			path = Model;
			sourceTree = "<group>";
		};
		571F26B12C7D000700AF1DF6 /* Extensions */ = {
			isa = PBXGroup;
			children = (
				571F26B22C7D005700AF1DF6 /* LoadAndDecode.swift */,
			);
			path = Extensions;
			sourceTree = "<group>";
		};
		574CF27D2C7A221F00934BF3 /* FavoritesViews */ = {
			isa = PBXGroup;
			children = (
				57D649A02C7A18CA009755BC /* FavoritesView.swift */,
			);
			path = FavoritesViews;
			sourceTree = "<group>";
		};
		57D649592C79FDA8009755BC = {
			isa = PBXGroup;
			children = (
				57D649642C79FDA8009755BC /* SwiftUI-DigitalStore-App */,
				57D649752C79FDAB009755BC /* SwiftUI-DigitalStore-AppTests */,
				57D6497F2C79FDAB009755BC /* SwiftUI-DigitalStore-AppUITests */,
				57D649632C79FDA8009755BC /* Products */,
			);
			sourceTree = "<group>";
		};
		57D649632C79FDA8009755BC /* Products */ = {
			isa = PBXGroup;
			children = (
				57D649622C79FDA8009755BC /* SwiftUI-DigitalStore-App.app */,
				57D649722C79FDAB009755BC /* SwiftUI-DigitalStore-AppTests.xctest */,
				57D6497C2C79FDAB009755BC /* SwiftUI-DigitalStore-AppUITests.xctest */,
			);
			name = Products;
			sourceTree = "<group>";
		};
		57D649642C79FDA8009755BC /* SwiftUI-DigitalStore-App */ = {
			isa = PBXGroup;
			children = (
				57D649652C79FDA8009755BC /* SwiftUI_DigitalStore_App.swift */,
				571F26B02C7CAA9F00AF1DF6 /* Model */,
				571F26AB2C7CA62B00AF1DF6 /* ViewModul */,
				57DA6C552C7A3248000756FC /* ViewModel */,
				57D649A62C7A1E09009755BC /* MainViews */,
				57D649AA2C7A2183009755BC /* CartViews */,
				57D649A42C7A1D82009755BC /* ProfilViews */,
				57D649A82C7A1E92009755BC /* ProductViews */,
				574CF27D2C7A221F00934BF3 /* FavoritesViews */,
				57D649692C79FDAB009755BC /* Assets.xcassets */,
				571F26B12C7D000700AF1DF6 /* Extensions */,
				57D6496B2C79FDAB009755BC /* Preview Content */,
			);
			path = "SwiftUI-DigitalStore-App";
			sourceTree = "<group>";
		};
		57D6496B2C79FDAB009755BC /* Preview Content */ = {
			isa = PBXGroup;
			children = (
				57D6496C2C79FDAB009755BC /* Preview Assets.xcassets */,
			);
			path = "Preview Content";
			sourceTree = "<group>";
		};
		57D649752C79FDAB009755BC /* SwiftUI-DigitalStore-AppTests */ = {
			isa = PBXGroup;
			children = (
				57D649762C79FDAB009755BC /* SwiftUI_DigitalStore_AppTests.swift */,
			);
			path = "SwiftUI-DigitalStore-AppTests";
			sourceTree = "<group>";
		};
		57D6497F2C79FDAB009755BC /* SwiftUI-DigitalStore-AppUITests */ = {
			isa = PBXGroup;
			children = (
				57D649802C79FDAB009755BC /* SwiftUI_DigitalStore_AppUITests.swift */,
				57D649822C79FDAB009755BC /* SwiftUI_DigitalStore_AppUITestsLaunchTests.swift */,
			);
			path = "SwiftUI-DigitalStore-AppUITests";
			sourceTree = "<group>";
		};
		57D649A42C7A1D82009755BC /* ProfilViews */ = {
			isa = PBXGroup;
			children = (
			);
			path = ProfilViews;
			sourceTree = "<group>";
		};
		57D649A62C7A1E09009755BC /* MainViews */ = {
			isa = PBXGroup;
			children = (
				57D6499A2C7A173B009755BC /* TabBarView.swift */,
				57D6499C2C7A1779009755BC /* HomeView.swift */,
			);
			path = MainViews;
			sourceTree = "<group>";
		};
		57D649A82C7A1E92009755BC /* ProductViews */ = {
			isa = PBXGroup;
			children = (
				57DA6C532C7A3216000756FC /* PromotionalCarousel.swift */,
				57DA6C562C7A35A4000756FC /* PromotionalViewCard.swift */,
			);
			path = ProductViews;
			sourceTree = "<group>";
		};
		57D649AA2C7A2183009755BC /* CartViews */ = {
			isa = PBXGroup;
			children = (
			);
			path = CartViews;
			sourceTree = "<group>";
		};
		57DA6C552C7A3248000756FC /* ViewModel */ = {
			isa = PBXGroup;
			children = (
			);
			path = ViewModel;
			sourceTree = "<group>";
		};
/* End PBXGroup section */

/* Begin PBXNativeTarget section */
		57D649612C79FDA8009755BC /* SwiftUI-DigitalStore-App */ = {
			isa = PBXNativeTarget;
			buildConfigurationList = 57D649862C79FDAB009755BC /* Build configuration list for PBXNativeTarget "SwiftUI-DigitalStore-App" */;
			buildPhases = (
				57D6495E2C79FDA8009755BC /* Sources */,
				57D6495F2C79FDA8009755BC /* Frameworks */,
				57D649602C79FDA8009755BC /* Resources */,
			);
			buildRules = (
			);
			dependencies = (
			);
			name = "SwiftUI-DigitalStore-App";
			productName = "SwiftUI-DigitalStore-App";
			productReference = 57D649622C79FDA8009755BC /* SwiftUI-DigitalStore-App.app */;
			productType = "com.apple.product-type.application";
		};
		57D649712C79FDAB009755BC /* SwiftUI-DigitalStore-AppTests */ = {
			isa = PBXNativeTarget;
			buildConfigurationList = 57D649892C79FDAB009755BC /* Build configuration list for PBXNativeTarget "SwiftUI-DigitalStore-AppTests" */;
			buildPhases = (
				57D6496E2C79FDAB009755BC /* Sources */,
				57D6496F2C79FDAB009755BC /* Frameworks */,
				57D649702C79FDAB009755BC /* Resources */,
			);
			buildRules = (
			);
			dependencies = (
				57D649742C79FDAB009755BC /* PBXTargetDependency */,
			);
			name = "SwiftUI-DigitalStore-AppTests";
			productName = "SwiftUI-DigitalStore-AppTests";
			productReference = 57D649722C79FDAB009755BC /* SwiftUI-DigitalStore-AppTests.xctest */;
			productType = "com.apple.product-type.bundle.unit-test";
		};
		57D6497B2C79FDAB009755BC /* SwiftUI-DigitalStore-AppUITests */ = {
			isa = PBXNativeTarget;
			buildConfigurationList = 57D6498C2C79FDAB009755BC /* Build configuration list for PBXNativeTarget "SwiftUI-DigitalStore-AppUITests" */;
			buildPhases = (
				57D649782C79FDAB009755BC /* Sources */,
				57D649792C79FDAB009755BC /* Frameworks */,
				57D6497A2C79FDAB009755BC /* Resources */,
			);
			buildRules = (
			);
			dependencies = (
				57D6497E2C79FDAB009755BC /* PBXTargetDependency */,
			);
			name = "SwiftUI-DigitalStore-AppUITests";
			productName = "SwiftUI-DigitalStore-AppUITests";
			productReference = 57D6497C2C79FDAB009755BC /* SwiftUI-DigitalStore-AppUITests.xctest */;
			productType = "com.apple.product-type.bundle.ui-testing";
		};
/* End PBXNativeTarget section */

/* Begin PBXProject section */
		57D6495A2C79FDA8009755BC /* Project object */ = {
			isa = PBXProject;
			attributes = {
				BuildIndependentTargetsInParallel = 1;
				LastSwiftUpdateCheck = 1540;
				LastUpgradeCheck = 1540;
				TargetAttributes = {
					57D649612C79FDA8009755BC = {
						CreatedOnToolsVersion = 15.4;
					};
					57D649712C79FDAB009755BC = {
						CreatedOnToolsVersion = 15.4;
						TestTargetID = 57D649612C79FDA8009755BC;
					};
					57D6497B2C79FDAB009755BC = {
						CreatedOnToolsVersion = 15.4;
						TestTargetID = 57D649612C79FDA8009755BC;
					};
				};
			};
			buildConfigurationList = 57D6495D2C79FDA8009755BC /* Build configuration list for PBXProject "SwiftUI-DigitalStore-App" */;
			compatibilityVersion = "Xcode 14.0";
			developmentRegion = en;
			hasScannedForEncodings = 0;
			knownRegions = (
				en,
				Base,
			);
			mainGroup = 57D649592C79FDA8009755BC;
			productRefGroup = 57D649632C79FDA8009755BC /* Products */;
			projectDirPath = "";
			projectRoot = "";
			targets = (
				57D649612C79FDA8009755BC /* SwiftUI-DigitalStore-App */,
				57D649712C79FDAB009755BC /* SwiftUI-DigitalStore-AppTests */,
				57D6497B2C79FDAB009755BC /* SwiftUI-DigitalStore-AppUITests */,
			);
		};
/* End PBXProject section */

/* Begin PBXResourcesBuildPhase section */
		57D649602C79FDA8009755BC /* Resources */ = {
			isa = PBXResourcesBuildPhase;
			buildActionMask = 2147483647;
			files = (
				57D6496D2C79FDAB009755BC /* Preview Assets.xcassets in Resources */,
				57D6496A2C79FDAB009755BC /* Assets.xcassets in Resources */,
			);
			runOnlyForDeploymentPostprocessing = 0;
		};
		57D649702C79FDAB009755BC /* Resources */ = {
			isa = PBXResourcesBuildPhase;
			buildActionMask = 2147483647;
			files = (
			);
			runOnlyForDeploymentPostprocessing = 0;
		};
		57D6497A2C79FDAB009755BC /* Resources */ = {
			isa = PBXResourcesBuildPhase;
			buildActionMask = 2147483647;
			files = (
			);
			runOnlyForDeploymentPostprocessing = 0;
		};
/* End PBXResourcesBuildPhase section */

/* Begin PBXSourcesBuildPhase section */
		57D6495E2C79FDA8009755BC /* Sources */ = {
			isa = PBXSourcesBuildPhase;
			buildActionMask = 2147483647;
			files = (
				57D649A12C7A18CA009755BC /* FavoritesView.swift in Sources */,
				57D6499B2C7A173B009755BC /* TabBarView.swift in Sources */,
				57DA6C542C7A3216000756FC /* PromotionalCarousel.swift in Sources */,
				571F26AD2C7CA67300AF1DF6 /* ProductListViewModel.swift in Sources */,
				571F26B32C7D005700AF1DF6 /* LoadAndDecode.swift in Sources */,
				57DA6C572C7A35A4000756FC /* PromotionalViewCard.swift in Sources */,
				57D6499D2C7A1779009755BC /* HomeView.swift in Sources */,
				57D649662C79FDA8009755BC /* SwiftUI_DigitalStore_App.swift in Sources */,
				571F26AF2C7CAA2700AF1DF6 /* ProductModel.swift in Sources */,
			);
			runOnlyForDeploymentPostprocessing = 0;
		};
		57D6496E2C79FDAB009755BC /* Sources */ = {
			isa = PBXSourcesBuildPhase;
			buildActionMask = 2147483647;
			files = (
				57D649772C79FDAB009755BC /* SwiftUI_DigitalStore_AppTests.swift in Sources */,
			);
			runOnlyForDeploymentPostprocessing = 0;
		};
		57D649782C79FDAB009755BC /* Sources */ = {
			isa = PBXSourcesBuildPhase;
			buildActionMask = 2147483647;
			files = (
				57D649812C79FDAB009755BC /* SwiftUI_DigitalStore_AppUITests.swift in Sources */,
				57D649832C79FDAB009755BC /* SwiftUI_DigitalStore_AppUITestsLaunchTests.swift in Sources */,
			);
			runOnlyForDeploymentPostprocessing = 0;
		};
/* End PBXSourcesBuildPhase section */

/* Begin PBXTargetDependency section */
		57D649742C79FDAB009755BC /* PBXTargetDependency */ = {
			isa = PBXTargetDependency;
			target = 57D649612C79FDA8009755BC /* SwiftUI-DigitalStore-App */;
			targetProxy = 57D649732C79FDAB009755BC /* PBXContainerItemProxy */;
		};
		57D6497E2C79FDAB009755BC /* PBXTargetDependency */ = {
			isa = PBXTargetDependency;
			target = 57D649612C79FDA8009755BC /* SwiftUI-DigitalStore-App */;
			targetProxy = 57D6497D2C79FDAB009755BC /* PBXContainerItemProxy */;
		};
/* End PBXTargetDependency section */

/* Begin XCBuildConfiguration section */
		57D649842C79FDAB009755BC /* Debug */ = {
			isa = XCBuildConfiguration;
			buildSettings = {
				ALWAYS_SEARCH_USER_PATHS = NO;
				ASSETCATALOG_COMPILER_GENERATE_SWIFT_ASSET_SYMBOL_EXTENSIONS = YES;
				CLANG_ANALYZER_NONNULL = YES;
				CLANG_ANALYZER_NUMBER_OBJECT_CONVERSION = YES_AGGRESSIVE;
				CLANG_CXX_LANGUAGE_STANDARD = "gnu++20";
				CLANG_ENABLE_MODULES = YES;
				CLANG_ENABLE_OBJC_ARC = YES;
				CLANG_ENABLE_OBJC_WEAK = YES;
				CLANG_WARN_BLOCK_CAPTURE_AUTORELEASING = YES;
				CLANG_WARN_BOOL_CONVERSION = YES;
				CLANG_WARN_COMMA = YES;
				CLANG_WARN_CONSTANT_CONVERSION = YES;
				CLANG_WARN_DEPRECATED_OBJC_IMPLEMENTATIONS = YES;
				CLANG_WARN_DIRECT_OBJC_ISA_USAGE = YES_ERROR;
				CLANG_WARN_DOCUMENTATION_COMMENTS = YES;
				CLANG_WARN_EMPTY_BODY = YES;
				CLANG_WARN_ENUM_CONVERSION = YES;
				CLANG_WARN_INFINITE_RECURSION = YES;
				CLANG_WARN_INT_CONVERSION = YES;
				CLANG_WARN_NON_LITERAL_NULL_CONVERSION = YES;
				CLANG_WARN_OBJC_IMPLICIT_RETAIN_SELF = YES;
				CLANG_WARN_OBJC_LITERAL_CONVERSION = YES;
				CLANG_WARN_OBJC_ROOT_CLASS = YES_ERROR;
				CLANG_WARN_QUOTED_INCLUDE_IN_FRAMEWORK_HEADER = YES;
				CLANG_WARN_RANGE_LOOP_ANALYSIS = YES;
				CLANG_WARN_STRICT_PROTOTYPES = YES;
				CLANG_WARN_SUSPICIOUS_MOVE = YES;
				CLANG_WARN_UNGUARDED_AVAILABILITY = YES_AGGRESSIVE;
				CLANG_WARN_UNREACHABLE_CODE = YES;
				CLANG_WARN__DUPLICATE_METHOD_MATCH = YES;
				COPY_PHASE_STRIP = NO;
				DEBUG_INFORMATION_FORMAT = dwarf;
				ENABLE_STRICT_OBJC_MSGSEND = YES;
				ENABLE_TESTABILITY = YES;
				ENABLE_USER_SCRIPT_SANDBOXING = YES;
				GCC_C_LANGUAGE_STANDARD = gnu17;
				GCC_DYNAMIC_NO_PIC = NO;
				GCC_NO_COMMON_BLOCKS = YES;
				GCC_OPTIMIZATION_LEVEL = 0;
				GCC_PREPROCESSOR_DEFINITIONS = (
					"DEBUG=1",
					"$(inherited)",
				);
				GCC_WARN_64_TO_32_BIT_CONVERSION = YES;
				GCC_WARN_ABOUT_RETURN_TYPE = YES_ERROR;
				GCC_WARN_UNDECLARED_SELECTOR = YES;
				GCC_WARN_UNINITIALIZED_AUTOS = YES_AGGRESSIVE;
				GCC_WARN_UNUSED_FUNCTION = YES;
				GCC_WARN_UNUSED_VARIABLE = YES;
				IPHONEOS_DEPLOYMENT_TARGET = 17.5;
				LOCALIZATION_PREFERS_STRING_CATALOGS = YES;
				MTL_ENABLE_DEBUG_INFO = INCLUDE_SOURCE;
				MTL_FAST_MATH = YES;
				ONLY_ACTIVE_ARCH = YES;
				SDKROOT = iphoneos;
				SWIFT_ACTIVE_COMPILATION_CONDITIONS = "DEBUG $(inherited)";
				SWIFT_OPTIMIZATION_LEVEL = "-Onone";
			};
			name = Debug;
		};
		57D649852C79FDAB009755BC /* Release */ = {
			isa = XCBuildConfiguration;
			buildSettings = {
				ALWAYS_SEARCH_USER_PATHS = NO;
				ASSETCATALOG_COMPILER_GENERATE_SWIFT_ASSET_SYMBOL_EXTENSIONS = YES;
				CLANG_ANALYZER_NONNULL = YES;
				CLANG_ANALYZER_NUMBER_OBJECT_CONVERSION = YES_AGGRESSIVE;
				CLANG_CXX_LANGUAGE_STANDARD = "gnu++20";
				CLANG_ENABLE_MODULES = YES;
				CLANG_ENABLE_OBJC_ARC = YES;
				CLANG_ENABLE_OBJC_WEAK = YES;
				CLANG_WARN_BLOCK_CAPTURE_AUTORELEASING = YES;
				CLANG_WARN_BOOL_CONVERSION = YES;
				CLANG_WARN_COMMA = YES;
				CLANG_WARN_CONSTANT_CONVERSION = YES;
				CLANG_WARN_DEPRECATED_OBJC_IMPLEMENTATIONS = YES;
				CLANG_WARN_DIRECT_OBJC_ISA_USAGE = YES_ERROR;
				CLANG_WARN_DOCUMENTATION_COMMENTS = YES;
				CLANG_WARN_EMPTY_BODY = YES;
				CLANG_WARN_ENUM_CONVERSION = YES;
				CLANG_WARN_INFINITE_RECURSION = YES;
				CLANG_WARN_INT_CONVERSION = YES;
				CLANG_WARN_NON_LITERAL_NULL_CONVERSION = YES;
				CLANG_WARN_OBJC_IMPLICIT_RETAIN_SELF = YES;
				CLANG_WARN_OBJC_LITERAL_CONVERSION = YES;
				CLANG_WARN_OBJC_ROOT_CLASS = YES_ERROR;
				CLANG_WARN_QUOTED_INCLUDE_IN_FRAMEWORK_HEADER = YES;
				CLANG_WARN_RANGE_LOOP_ANALYSIS = YES;
				CLANG_WARN_STRICT_PROTOTYPES = YES;
				CLANG_WARN_SUSPICIOUS_MOVE = YES;
				CLANG_WARN_UNGUARDED_AVAILABILITY = YES_AGGRESSIVE;
				CLANG_WARN_UNREACHABLE_CODE = YES;
				CLANG_WARN__DUPLICATE_METHOD_MATCH = YES;
				COPY_PHASE_STRIP = NO;
				DEBUG_INFORMATION_FORMAT = "dwarf-with-dsym";
				ENABLE_NS_ASSERTIONS = NO;
				ENABLE_STRICT_OBJC_MSGSEND = YES;
				ENABLE_USER_SCRIPT_SANDBOXING = YES;
				GCC_C_LANGUAGE_STANDARD = gnu17;
				GCC_NO_COMMON_BLOCKS = YES;
				GCC_WARN_64_TO_32_BIT_CONVERSION = YES;
				GCC_WARN_ABOUT_RETURN_TYPE = YES_ERROR;
				GCC_WARN_UNDECLARED_SELECTOR = YES;
				GCC_WARN_UNINITIALIZED_AUTOS = YES_AGGRESSIVE;
				GCC_WARN_UNUSED_FUNCTION = YES;
				GCC_WARN_UNUSED_VARIABLE = YES;
				IPHONEOS_DEPLOYMENT_TARGET = 17.5;
				LOCALIZATION_PREFERS_STRING_CATALOGS = YES;
				MTL_ENABLE_DEBUG_INFO = NO;
				MTL_FAST_MATH = YES;
				SDKROOT = iphoneos;
				SWIFT_COMPILATION_MODE = wholemodule;
				VALIDATE_PRODUCT = YES;
			};
			name = Release;
		};
		57D649872C79FDAB009755BC /* Debug */ = {
			isa = XCBuildConfiguration;
			buildSettings = {
				ASSETCATALOG_COMPILER_APPICON_NAME = AppIcon;
				ASSETCATALOG_COMPILER_GLOBAL_ACCENT_COLOR_NAME = AccentColor;
				CODE_SIGN_STYLE = Automatic;
				CURRENT_PROJECT_VERSION = 1;
				DEVELOPMENT_ASSET_PATHS = "\"SwiftUI-DigitalStore-App/Preview Content\"";
				DEVELOPMENT_TEAM = PA6AT97QRQ;
				ENABLE_PREVIEWS = YES;
				GENERATE_INFOPLIST_FILE = YES;
				INFOPLIST_KEY_UIApplicationSceneManifest_Generation = YES;
				INFOPLIST_KEY_UIApplicationSupportsIndirectInputEvents = YES;
				INFOPLIST_KEY_UILaunchScreen_Generation = YES;
				INFOPLIST_KEY_UISupportedInterfaceOrientations_iPad = "UIInterfaceOrientationPortrait UIInterfaceOrientationPortraitUpsideDown UIInterfaceOrientationLandscapeLeft UIInterfaceOrientationLandscapeRight";
				INFOPLIST_KEY_UISupportedInterfaceOrientations_iPhone = "UIInterfaceOrientationPortrait UIInterfaceOrientationLandscapeLeft UIInterfaceOrientationLandscapeRight";
				LD_RUNPATH_SEARCH_PATHS = (
					"$(inherited)",
					"@executable_path/Frameworks",
				);
				MARKETING_VERSION = 1.0;
				PRODUCT_BUNDLE_IDENTIFIER = "digitalshop.SwiftUI-DigitalStore-App";
				PRODUCT_NAME = "$(TARGET_NAME)";
				SWIFT_EMIT_LOC_STRINGS = YES;
				SWIFT_VERSION = 5.0;
				TARGETED_DEVICE_FAMILY = "1,2";
			};
			name = Debug;
		};
		57D649882C79FDAB009755BC /* Release */ = {
			isa = XCBuildConfiguration;
			buildSettings = {
				ASSETCATALOG_COMPILER_APPICON_NAME = AppIcon;
				ASSETCATALOG_COMPILER_GLOBAL_ACCENT_COLOR_NAME = AccentColor;
				CODE_SIGN_STYLE = Automatic;
				CURRENT_PROJECT_VERSION = 1;
				DEVELOPMENT_ASSET_PATHS = "\"SwiftUI-DigitalStore-App/Preview Content\"";
				DEVELOPMENT_TEAM = PA6AT97QRQ;
				ENABLE_PREVIEWS = YES;
				GENERATE_INFOPLIST_FILE = YES;
				INFOPLIST_KEY_UIApplicationSceneManifest_Generation = YES;
				INFOPLIST_KEY_UIApplicationSupportsIndirectInputEvents = YES;
				INFOPLIST_KEY_UILaunchScreen_Generation = YES;
				INFOPLIST_KEY_UISupportedInterfaceOrientations_iPad = "UIInterfaceOrientationPortrait UIInterfaceOrientationPortraitUpsideDown UIInterfaceOrientationLandscapeLeft UIInterfaceOrientationLandscapeRight";
				INFOPLIST_KEY_UISupportedInterfaceOrientations_iPhone = "UIInterfaceOrientationPortrait UIInterfaceOrientationLandscapeLeft UIInterfaceOrientationLandscapeRight";
				LD_RUNPATH_SEARCH_PATHS = (
					"$(inherited)",
					"@executable_path/Frameworks",
				);
				MARKETING_VERSION = 1.0;
				PRODUCT_BUNDLE_IDENTIFIER = "digitalshop.SwiftUI-DigitalStore-App";
				PRODUCT_NAME = "$(TARGET_NAME)";
				SWIFT_EMIT_LOC_STRINGS = YES;
				SWIFT_VERSION = 5.0;
				TARGETED_DEVICE_FAMILY = "1,2";
			};
			name = Release;
		};
		57D6498A2C79FDAB009755BC /* Debug */ = {
			isa = XCBuildConfiguration;
			buildSettings = {
				ALWAYS_EMBED_SWIFT_STANDARD_LIBRARIES = YES;
				BUNDLE_LOADER = "$(TEST_HOST)";
				CODE_SIGN_STYLE = Automatic;
				CURRENT_PROJECT_VERSION = 1;
				DEVELOPMENT_TEAM = PA6AT97QRQ;
				GENERATE_INFOPLIST_FILE = YES;
				IPHONEOS_DEPLOYMENT_TARGET = 17.5;
				MARKETING_VERSION = 1.0;
				PRODUCT_BUNDLE_IDENTIFIER = "digitalshop.SwiftUI-DigitalStore-AppTests";
				PRODUCT_NAME = "$(TARGET_NAME)";
				SWIFT_EMIT_LOC_STRINGS = NO;
				SWIFT_VERSION = 5.0;
				TARGETED_DEVICE_FAMILY = "1,2";
				TEST_HOST = "$(BUILT_PRODUCTS_DIR)/SwiftUI-DigitalStore-App.app/$(BUNDLE_EXECUTABLE_FOLDER_PATH)/SwiftUI-DigitalStore-App";
			};
			name = Debug;
		};
		57D6498B2C79FDAB009755BC /* Release */ = {
			isa = XCBuildConfiguration;
			buildSettings = {
				ALWAYS_EMBED_SWIFT_STANDARD_LIBRARIES = YES;
				BUNDLE_LOADER = "$(TEST_HOST)";
				CODE_SIGN_STYLE = Automatic;
				CURRENT_PROJECT_VERSION = 1;
				DEVELOPMENT_TEAM = PA6AT97QRQ;
				GENERATE_INFOPLIST_FILE = YES;
				IPHONEOS_DEPLOYMENT_TARGET = 17.5;
				MARKETING_VERSION = 1.0;
				PRODUCT_BUNDLE_IDENTIFIER = "digitalshop.SwiftUI-DigitalStore-AppTests";
				PRODUCT_NAME = "$(TARGET_NAME)";
				SWIFT_EMIT_LOC_STRINGS = NO;
				SWIFT_VERSION = 5.0;
				TARGETED_DEVICE_FAMILY = "1,2";
				TEST_HOST = "$(BUILT_PRODUCTS_DIR)/SwiftUI-DigitalStore-App.app/$(BUNDLE_EXECUTABLE_FOLDER_PATH)/SwiftUI-DigitalStore-App";
			};
			name = Release;
		};
		57D6498D2C79FDAB009755BC /* Debug */ = {
			isa = XCBuildConfiguration;
			buildSettings = {
				ALWAYS_EMBED_SWIFT_STANDARD_LIBRARIES = YES;
				CODE_SIGN_STYLE = Automatic;
				CURRENT_PROJECT_VERSION = 1;
				DEVELOPMENT_TEAM = PA6AT97QRQ;
				GENERATE_INFOPLIST_FILE = YES;
				MARKETING_VERSION = 1.0;
				PRODUCT_BUNDLE_IDENTIFIER = "digitalshop.SwiftUI-DigitalStore-AppUITests";
				PRODUCT_NAME = "$(TARGET_NAME)";
				SWIFT_EMIT_LOC_STRINGS = NO;
				SWIFT_VERSION = 5.0;
				TARGETED_DEVICE_FAMILY = "1,2";
				TEST_TARGET_NAME = "SwiftUI-DigitalStore-App";
			};
			name = Debug;
		};
		57D6498E2C79FDAB009755BC /* Release */ = {
			isa = XCBuildConfiguration;
			buildSettings = {
				ALWAYS_EMBED_SWIFT_STANDARD_LIBRARIES = YES;
				CODE_SIGN_STYLE = Automatic;
				CURRENT_PROJECT_VERSION = 1;
				DEVELOPMENT_TEAM = PA6AT97QRQ;
				GENERATE_INFOPLIST_FILE = YES;
				MARKETING_VERSION = 1.0;
				PRODUCT_BUNDLE_IDENTIFIER = "digitalshop.SwiftUI-DigitalStore-AppUITests";
				PRODUCT_NAME = "$(TARGET_NAME)";
				SWIFT_EMIT_LOC_STRINGS = NO;
				SWIFT_VERSION = 5.0;
				TARGETED_DEVICE_FAMILY = "1,2";
				TEST_TARGET_NAME = "SwiftUI-DigitalStore-App";
			};
			name = Release;
		};
/* End XCBuildConfiguration section */

/* Begin XCConfigurationList section */
		57D6495D2C79FDA8009755BC /* Build configuration list for PBXProject "SwiftUI-DigitalStore-App" */ = {
			isa = XCConfigurationList;
			buildConfigurations = (
				57D649842C79FDAB009755BC /* Debug */,
				57D649852C79FDAB009755BC /* Release */,
			);
			defaultConfigurationIsVisible = 0;
			defaultConfigurationName = Release;
		};
		57D649862C79FDAB009755BC /* Build configuration list for PBXNativeTarget "SwiftUI-DigitalStore-App" */ = {
			isa = XCConfigurationList;
			buildConfigurations = (
				57D649872C79FDAB009755BC /* Debug */,
				57D649882C79FDAB009755BC /* Release */,
			);
			defaultConfigurationIsVisible = 0;
			defaultConfigurationName = Release;
		};
		57D649892C79FDAB009755BC /* Build configuration list for PBXNativeTarget "SwiftUI-DigitalStore-AppTests" */ = {
			isa = XCConfigurationList;
			buildConfigurations = (
				57D6498A2C79FDAB009755BC /* Debug */,
				57D6498B2C79FDAB009755BC /* Release */,
			);
			defaultConfigurationIsVisible = 0;
			defaultConfigurationName = Release;
		};
		57D6498C2C79FDAB009755BC /* Build configuration list for PBXNativeTarget "SwiftUI-DigitalStore-AppUITests" */ = {
			isa = XCConfigurationList;
			buildConfigurations = (
				57D6498D2C79FDAB009755BC /* Debug */,
				57D6498E2C79FDAB009755BC /* Release */,
			);
			defaultConfigurationIsVisible = 0;
			defaultConfigurationName = Release;
		};
/* End XCConfigurationList section */
	};
	rootObject = 57D6495A2C79FDA8009755BC /* Project object */;
}
